// !$*UTF8*$!
{
	archiveVersion = 1;
	classes = {
	};
	objectVersion = 46;
	objects = {

/* Begin PBXBuildFile section */
		270D885F1AD7489A008B58F2 /* Alamofire.swift in Sources */ = {isa = PBXBuildFile; fileRef = 270D885E1AD7489A008B58F2 /* Alamofire.swift */; };
		270D88611AD74939008B58F2 /* Book.swift in Sources */ = {isa = PBXBuildFile; fileRef = 270D88601AD74939008B58F2 /* Book.swift */; };
		270D88631AD7523F008B58F2 /* Author.swift in Sources */ = {isa = PBXBuildFile; fileRef = 270D88621AD7523F008B58F2 /* Author.swift */; };
		270D88651AD76301008B58F2 /* Date.swift in Sources */ = {isa = PBXBuildFile; fileRef = 270D88641AD76301008B58F2 /* Date.swift */; };
		274A2FEA1AD87A0A00640C10 /* Language.swift in Sources */ = {isa = PBXBuildFile; fileRef = 274A2FE91AD87A0A00640C10 /* Language.swift */; };
		275EDEA81AE86658004BED86 /* ProximaNova-Bold.otf in Resources */ = {isa = PBXBuildFile; fileRef = 275EDEA41AE86658004BED86 /* ProximaNova-Bold.otf */; };
		275EDEA91AE86658004BED86 /* ProximaNova-Semibold.otf in Resources */ = {isa = PBXBuildFile; fileRef = 275EDEA51AE86658004BED86 /* ProximaNova-Semibold.otf */; };
		275EDEAA1AE86658004BED86 /* ProximaNova-Regular.otf in Resources */ = {isa = PBXBuildFile; fileRef = 275EDEA61AE86658004BED86 /* ProximaNova-Regular.otf */; };
		275EDEAB1AE86658004BED86 /* ProximaNova-Light.otf in Resources */ = {isa = PBXBuildFile; fileRef = 275EDEA71AE86658004BED86 /* ProximaNova-Light.otf */; };
		275EDEB01AE86ADE004BED86 /* SearchViewController.swift in Sources */ = {isa = PBXBuildFile; fileRef = 275EDEAF1AE86ADE004BED86 /* SearchViewController.swift */; };
		27E2AD271AD8831800950343 /* TuftsScraper.swift in Sources */ = {isa = PBXBuildFile; fileRef = 27E2AD261AD8831800950343 /* TuftsScraper.swift */; };
		27E2AD2B1AD884F600950343 /* HTMLNode.swift in Sources */ = {isa = PBXBuildFile; fileRef = 27E2AD281AD884F600950343 /* HTMLNode.swift */; };
		27E2AD2C1AD884F600950343 /* HTMLParser.swift in Sources */ = {isa = PBXBuildFile; fileRef = 27E2AD291AD884F600950343 /* HTMLParser.swift */; };
		27E2AD2E1AD885CC00950343 /* libxml2.dylib in Frameworks */ = {isa = PBXBuildFile; fileRef = 27E2AD2D1AD885CC00950343 /* libxml2.dylib */; };
		27E828ED1AD5FB60003C34C2 /* AppDelegate.swift in Sources */ = {isa = PBXBuildFile; fileRef = 27E828EC1AD5FB60003C34C2 /* AppDelegate.swift */; };
		27E828F21AD5FB60003C34C2 /* Main.storyboard in Resources */ = {isa = PBXBuildFile; fileRef = 27E828F01AD5FB60003C34C2 /* Main.storyboard */; };
		27E828F41AD5FB60003C34C2 /* Images.xcassets in Resources */ = {isa = PBXBuildFile; fileRef = 27E828F31AD5FB60003C34C2 /* Images.xcassets */; };
		27E828F71AD5FB60003C34C2 /* LaunchScreen.xib in Resources */ = {isa = PBXBuildFile; fileRef = 27E828F51AD5FB60003C34C2 /* LaunchScreen.xib */; };
		27E829031AD5FB60003C34C2 /* TischSearchTests.swift in Sources */ = {isa = PBXBuildFile; fileRef = 27E829021AD5FB60003C34C2 /* TischSearchTests.swift */; };
		27E8290D1AD60810003C34C2 /* SwiftyJSON.swift in Sources */ = {isa = PBXBuildFile; fileRef = 27E8290C1AD60810003C34C2 /* SwiftyJSON.swift */; };
		27E8290F1AD60AD1003C34C2 /* GoogleBooksAPIParser.swift in Sources */ = {isa = PBXBuildFile; fileRef = 27E8290E1AD60AD1003C34C2 /* GoogleBooksAPIParser.swift */; };
		27EAE3DE1AEAEB0100269535 /* Helper.swift in Sources */ = {isa = PBXBuildFile; fileRef = 27EAE3DD1AEAEB0100269535 /* Helper.swift */; };
		27F0A0CC1ADB349F00D4543F /* OperationQueues.swift in Sources */ = {isa = PBXBuildFile; fileRef = 27F0A0CB1ADB349F00D4543F /* OperationQueues.swift */; };
/* End PBXBuildFile section */

/* Begin PBXContainerItemProxy section */
		27E828FD1AD5FB60003C34C2 /* PBXContainerItemProxy */ = {
			isa = PBXContainerItemProxy;
			containerPortal = 27E828DF1AD5FB60003C34C2 /* Project object */;
			proxyType = 1;
			remoteGlobalIDString = 27E828E61AD5FB60003C34C2;
			remoteInfo = TischSearch;
		};
/* End PBXContainerItemProxy section */

/* Begin PBXFileReference section */
		270D885E1AD7489A008B58F2 /* Alamofire.swift */ = {isa = PBXFileReference; fileEncoding = 4; lastKnownFileType = sourcecode.swift; path = Alamofire.swift; sourceTree = "<group>"; };
		270D88601AD74939008B58F2 /* Book.swift */ = {isa = PBXFileReference; fileEncoding = 4; lastKnownFileType = sourcecode.swift; path = Book.swift; sourceTree = "<group>"; };
		270D88621AD7523F008B58F2 /* Author.swift */ = {isa = PBXFileReference; fileEncoding = 4; lastKnownFileType = sourcecode.swift; path = Author.swift; sourceTree = "<group>"; };
		270D88641AD76301008B58F2 /* Date.swift */ = {isa = PBXFileReference; fileEncoding = 4; lastKnownFileType = sourcecode.swift; path = Date.swift; sourceTree = "<group>"; };
		274A2FE91AD87A0A00640C10 /* Language.swift */ = {isa = PBXFileReference; fileEncoding = 4; lastKnownFileType = sourcecode.swift; path = Language.swift; sourceTree = "<group>"; };
		275EDEA41AE86658004BED86 /* ProximaNova-Bold.otf */ = {isa = PBXFileReference; lastKnownFileType = file; path = "ProximaNova-Bold.otf"; sourceTree = "<group>"; };
		275EDEA51AE86658004BED86 /* ProximaNova-Semibold.otf */ = {isa = PBXFileReference; lastKnownFileType = file; path = "ProximaNova-Semibold.otf"; sourceTree = "<group>"; };
		275EDEA61AE86658004BED86 /* ProximaNova-Regular.otf */ = {isa = PBXFileReference; lastKnownFileType = file; path = "ProximaNova-Regular.otf"; sourceTree = "<group>"; };
		275EDEA71AE86658004BED86 /* ProximaNova-Light.otf */ = {isa = PBXFileReference; lastKnownFileType = file; path = "ProximaNova-Light.otf"; sourceTree = "<group>"; };
		275EDEAF1AE86ADE004BED86 /* SearchViewController.swift */ = {isa = PBXFileReference; fileEncoding = 4; lastKnownFileType = sourcecode.swift; path = SearchViewController.swift; sourceTree = "<group>"; };
		27E2AD261AD8831800950343 /* TuftsScraper.swift */ = {isa = PBXFileReference; fileEncoding = 4; lastKnownFileType = sourcecode.swift; path = TuftsScraper.swift; sourceTree = "<group>"; };
		27E2AD281AD884F600950343 /* HTMLNode.swift */ = {isa = PBXFileReference; fileEncoding = 4; lastKnownFileType = sourcecode.swift; path = HTMLNode.swift; sourceTree = "<group>"; };
		27E2AD291AD884F600950343 /* HTMLParser.swift */ = {isa = PBXFileReference; fileEncoding = 4; lastKnownFileType = sourcecode.swift; path = HTMLParser.swift; sourceTree = "<group>"; };
		27E2AD2A1AD884F600950343 /* Swift-HTML-Parser-Bridging-Header.h */ = {isa = PBXFileReference; fileEncoding = 4; lastKnownFileType = sourcecode.c.h; path = "Swift-HTML-Parser-Bridging-Header.h"; sourceTree = "<group>"; };
		27E2AD2D1AD885CC00950343 /* libxml2.dylib */ = {isa = PBXFileReference; lastKnownFileType = "compiled.mach-o.dylib"; name = libxml2.dylib; path = usr/lib/libxml2.dylib; sourceTree = SDKROOT; };
		27E828E71AD5FB60003C34C2 /* TischSearch.app */ = {isa = PBXFileReference; explicitFileType = wrapper.application; includeInIndex = 0; path = TischSearch.app; sourceTree = BUILT_PRODUCTS_DIR; };
		27E828EB1AD5FB60003C34C2 /* Info.plist */ = {isa = PBXFileReference; lastKnownFileType = text.plist.xml; path = Info.plist; sourceTree = "<group>"; };
		27E828EC1AD5FB60003C34C2 /* AppDelegate.swift */ = {isa = PBXFileReference; lastKnownFileType = sourcecode.swift; path = AppDelegate.swift; sourceTree = "<group>"; };
		27E828F11AD5FB60003C34C2 /* Base */ = {isa = PBXFileReference; lastKnownFileType = file.storyboard; name = Base; path = Base.lproj/Main.storyboard; sourceTree = "<group>"; };
		27E828F31AD5FB60003C34C2 /* Images.xcassets */ = {isa = PBXFileReference; lastKnownFileType = folder.assetcatalog; path = Images.xcassets; sourceTree = "<group>"; };
		27E828F61AD5FB60003C34C2 /* Base */ = {isa = PBXFileReference; lastKnownFileType = file.xib; name = Base; path = Base.lproj/LaunchScreen.xib; sourceTree = "<group>"; };
		27E828FC1AD5FB60003C34C2 /* TischSearchTests.xctest */ = {isa = PBXFileReference; explicitFileType = wrapper.cfbundle; includeInIndex = 0; path = TischSearchTests.xctest; sourceTree = BUILT_PRODUCTS_DIR; };
		27E829011AD5FB60003C34C2 /* Info.plist */ = {isa = PBXFileReference; lastKnownFileType = text.plist.xml; path = Info.plist; sourceTree = "<group>"; };
		27E829021AD5FB60003C34C2 /* TischSearchTests.swift */ = {isa = PBXFileReference; lastKnownFileType = sourcecode.swift; path = TischSearchTests.swift; sourceTree = "<group>"; };
		27E8290C1AD60810003C34C2 /* SwiftyJSON.swift */ = {isa = PBXFileReference; fileEncoding = 4; lastKnownFileType = sourcecode.swift; path = SwiftyJSON.swift; sourceTree = "<group>"; };
		27E8290E1AD60AD1003C34C2 /* GoogleBooksAPIParser.swift */ = {isa = PBXFileReference; fileEncoding = 4; lastKnownFileType = sourcecode.swift; path = GoogleBooksAPIParser.swift; sourceTree = "<group>"; };
		27EAE3DD1AEAEB0100269535 /* Helper.swift */ = {isa = PBXFileReference; fileEncoding = 4; lastKnownFileType = sourcecode.swift; path = Helper.swift; sourceTree = "<group>"; };
		27F0A0CB1ADB349F00D4543F /* OperationQueues.swift */ = {isa = PBXFileReference; fileEncoding = 4; lastKnownFileType = sourcecode.swift; path = OperationQueues.swift; sourceTree = "<group>"; };
/* End PBXFileReference section */

/* Begin PBXFrameworksBuildPhase section */
		27E828E41AD5FB60003C34C2 /* Frameworks */ = {
			isa = PBXFrameworksBuildPhase;
			buildActionMask = 2147483647;
			files = (
				27E2AD2E1AD885CC00950343 /* libxml2.dylib in Frameworks */,
			);
			runOnlyForDeploymentPostprocessing = 0;
		};
		27E828F91AD5FB60003C34C2 /* Frameworks */ = {
			isa = PBXFrameworksBuildPhase;
			buildActionMask = 2147483647;
			files = (
			);
			runOnlyForDeploymentPostprocessing = 0;
		};
/* End PBXFrameworksBuildPhase section */

/* Begin PBXGroup section */
		275EDEAC1AE86667004BED86 /* Fonts */ = {
			isa = PBXGroup;
			children = (
				275EDEA41AE86658004BED86 /* ProximaNova-Bold.otf */,
				275EDEA51AE86658004BED86 /* ProximaNova-Semibold.otf */,
				275EDEA61AE86658004BED86 /* ProximaNova-Regular.otf */,
				275EDEA71AE86658004BED86 /* ProximaNova-Light.otf */,
			);
			name = Fonts;
			sourceTree = "<group>";
		};
		27E828DE1AD5FB60003C34C2 = {
			isa = PBXGroup;
			children = (
				27E2AD2D1AD885CC00950343 /* libxml2.dylib */,
				27E828E91AD5FB60003C34C2 /* TischSearch */,
				27E828FF1AD5FB60003C34C2 /* TischSearchTests */,
				27E828E81AD5FB60003C34C2 /* Products */,
			);
			sourceTree = "<group>";
		};
		27E828E81AD5FB60003C34C2 /* Products */ = {
			isa = PBXGroup;
			children = (
				27E828E71AD5FB60003C34C2 /* TischSearch.app */,
				27E828FC1AD5FB60003C34C2 /* TischSearchTests.xctest */,
			);
			name = Products;
			sourceTree = "<group>";
		};
		27E828E91AD5FB60003C34C2 /* TischSearch */ = {
			isa = PBXGroup;
			children = (
				27E828EC1AD5FB60003C34C2 /* AppDelegate.swift */,
				270D88621AD7523F008B58F2 /* Author.swift */,
				270D88641AD76301008B58F2 /* Date.swift */,
				274A2FE91AD87A0A00640C10 /* Language.swift */,
				270D88601AD74939008B58F2 /* Book.swift */,
				27E8290E1AD60AD1003C34C2 /* GoogleBooksAPIParser.swift */,
				27E2AD261AD8831800950343 /* TuftsScraper.swift */,
				27F0A0CB1ADB349F00D4543F /* OperationQueues.swift */,
				27EAE3DD1AEAEB0100269535 /* Helper.swift */,
				27F0A0CA1ADB2FB000D4543F /* Interface */,
				275EDEAC1AE86667004BED86 /* Fonts */,
				27F0A0C91ADB2FA000D4543F /* Libraries */,
				27E828F31AD5FB60003C34C2 /* Images.xcassets */,
				27E828F51AD5FB60003C34C2 /* LaunchScreen.xib */,
				27E828EA1AD5FB60003C34C2 /* Supporting Files */,
			);
			path = TischSearch;
			sourceTree = "<group>";
		};
		27E828EA1AD5FB60003C34C2 /* Supporting Files */ = {
			isa = PBXGroup;
			children = (
				27E828EB1AD5FB60003C34C2 /* Info.plist */,
			);
			name = "Supporting Files";
			sourceTree = "<group>";
		};
		27E828FF1AD5FB60003C34C2 /* TischSearchTests */ = {
			isa = PBXGroup;
			children = (
				27E829021AD5FB60003C34C2 /* TischSearchTests.swift */,
				27E829001AD5FB60003C34C2 /* Supporting Files */,
			);
			path = TischSearchTests;
			sourceTree = "<group>";
		};
		27E829001AD5FB60003C34C2 /* Supporting Files */ = {
			isa = PBXGroup;
			children = (
				27E829011AD5FB60003C34C2 /* Info.plist */,
			);
			name = "Supporting Files";
			sourceTree = "<group>";
		};
		27F0A0C91ADB2FA000D4543F /* Libraries */ = {
			isa = PBXGroup;
			children = (
				27E8290C1AD60810003C34C2 /* SwiftyJSON.swift */,
				270D885E1AD7489A008B58F2 /* Alamofire.swift */,
				27E2AD281AD884F600950343 /* HTMLNode.swift */,
				27E2AD291AD884F600950343 /* HTMLParser.swift */,
				27E2AD2A1AD884F600950343 /* Swift-HTML-Parser-Bridging-Header.h */,
			);
			name = Libraries;
			sourceTree = "<group>";
		};
		27F0A0CA1ADB2FB000D4543F /* Interface */ = {
			isa = PBXGroup;
			children = (
				27E828F01AD5FB60003C34C2 /* Main.storyboard */,
				275EDEAF1AE86ADE004BED86 /* SearchViewController.swift */,
			);
			name = Interface;
			sourceTree = "<group>";
		};
/* End PBXGroup section */

/* Begin PBXNativeTarget section */
		27E828E61AD5FB60003C34C2 /* TischSearch */ = {
			isa = PBXNativeTarget;
			buildConfigurationList = 27E829061AD5FB60003C34C2 /* Build configuration list for PBXNativeTarget "TischSearch" */;
			buildPhases = (
				27E828E31AD5FB60003C34C2 /* Sources */,
				27E828E41AD5FB60003C34C2 /* Frameworks */,
				27E828E51AD5FB60003C34C2 /* Resources */,
			);
			buildRules = (
			);
			dependencies = (
			);
			name = TischSearch;
			productName = TischSearch;
			productReference = 27E828E71AD5FB60003C34C2 /* TischSearch.app */;
			productType = "com.apple.product-type.application";
		};
		27E828FB1AD5FB60003C34C2 /* TischSearchTests */ = {
			isa = PBXNativeTarget;
			buildConfigurationList = 27E829091AD5FB60003C34C2 /* Build configuration list for PBXNativeTarget "TischSearchTests" */;
			buildPhases = (
				27E828F81AD5FB60003C34C2 /* Sources */,
				27E828F91AD5FB60003C34C2 /* Frameworks */,
				27E828FA1AD5FB60003C34C2 /* Resources */,
			);
			buildRules = (
			);
			dependencies = (
				27E828FE1AD5FB60003C34C2 /* PBXTargetDependency */,
			);
			name = TischSearchTests;
			productName = TischSearchTests;
			productReference = 27E828FC1AD5FB60003C34C2 /* TischSearchTests.xctest */;
			productType = "com.apple.product-type.bundle.unit-test";
		};
/* End PBXNativeTarget section */

/* Begin PBXProject section */
		27E828DF1AD5FB60003C34C2 /* Project object */ = {
			isa = PBXProject;
			attributes = {
				LastUpgradeCheck = 0630;
				ORGANIZATIONNAME = "Mike Yeung";
				TargetAttributes = {
					27E828E61AD5FB60003C34C2 = {
						CreatedOnToolsVersion = 6.3;
					};
					27E828FB1AD5FB60003C34C2 = {
						CreatedOnToolsVersion = 6.3;
						TestTargetID = 27E828E61AD5FB60003C34C2;
					};
				};
			};
			buildConfigurationList = 27E828E21AD5FB60003C34C2 /* Build configuration list for PBXProject "TischSearch" */;
			compatibilityVersion = "Xcode 3.2";
			developmentRegion = English;
			hasScannedForEncodings = 0;
			knownRegions = (
				en,
				Base,
			);
			mainGroup = 27E828DE1AD5FB60003C34C2;
			productRefGroup = 27E828E81AD5FB60003C34C2 /* Products */;
			projectDirPath = "";
			projectRoot = "";
			targets = (
				27E828E61AD5FB60003C34C2 /* TischSearch */,
				27E828FB1AD5FB60003C34C2 /* TischSearchTests */,
			);
		};
/* End PBXProject section */

/* Begin PBXResourcesBuildPhase section */
		27E828E51AD5FB60003C34C2 /* Resources */ = {
			isa = PBXResourcesBuildPhase;
			buildActionMask = 2147483647;
			files = (
				27E828F21AD5FB60003C34C2 /* Main.storyboard in Resources */,
				27E828F71AD5FB60003C34C2 /* LaunchScreen.xib in Resources */,
				275EDEA91AE86658004BED86 /* ProximaNova-Semibold.otf in Resources */,
				275EDEAB1AE86658004BED86 /* ProximaNova-Light.otf in Resources */,
				275EDEAA1AE86658004BED86 /* ProximaNova-Regular.otf in Resources */,
				27E828F41AD5FB60003C34C2 /* Images.xcassets in Resources */,
				275EDEA81AE86658004BED86 /* ProximaNova-Bold.otf in Resources */,
			);
			runOnlyForDeploymentPostprocessing = 0;
		};
		27E828FA1AD5FB60003C34C2 /* Resources */ = {
			isa = PBXResourcesBuildPhase;
			buildActionMask = 2147483647;
			files = (
			);
			runOnlyForDeploymentPostprocessing = 0;
		};
/* End PBXResourcesBuildPhase section */

/* Begin PBXSourcesBuildPhase section */
		27E828E31AD5FB60003C34C2 /* Sources */ = {
			isa = PBXSourcesBuildPhase;
			buildActionMask = 2147483647;
			files = (
				27E8290D1AD60810003C34C2 /* SwiftyJSON.swift in Sources */,
				27EAE3DE1AEAEB0100269535 /* Helper.swift in Sources */,
				270D885F1AD7489A008B58F2 /* Alamofire.swift in Sources */,
				270D88611AD74939008B58F2 /* Book.swift in Sources */,
				27F0A0CC1ADB349F00D4543F /* OperationQueues.swift in Sources */,
				274A2FEA1AD87A0A00640C10 /* Language.swift in Sources */,
				270D88651AD76301008B58F2 /* Date.swift in Sources */,
				27E2AD271AD8831800950343 /* TuftsScraper.swift in Sources */,
				27E2AD2B1AD884F600950343 /* HTMLNode.swift in Sources */,
				275EDEB01AE86ADE004BED86 /* SearchViewController.swift in Sources */,
				27E828ED1AD5FB60003C34C2 /* AppDelegate.swift in Sources */,
				27E2AD2C1AD884F600950343 /* HTMLParser.swift in Sources */,
				270D88631AD7523F008B58F2 /* Author.swift in Sources */,
				27E8290F1AD60AD1003C34C2 /* GoogleBooksAPIParser.swift in Sources */,
			);
			runOnlyForDeploymentPostprocessing = 0;
		};
		27E828F81AD5FB60003C34C2 /* Sources */ = {
			isa = PBXSourcesBuildPhase;
			buildActionMask = 2147483647;
			files = (
				27E829031AD5FB60003C34C2 /* TischSearchTests.swift in Sources */,
			);
			runOnlyForDeploymentPostprocessing = 0;
		};
/* End PBXSourcesBuildPhase section */

/* Begin PBXTargetDependency section */
		27E828FE1AD5FB60003C34C2 /* PBXTargetDependency */ = {
			isa = PBXTargetDependency;
			target = 27E828E61AD5FB60003C34C2 /* TischSearch */;
			targetProxy = 27E828FD1AD5FB60003C34C2 /* PBXContainerItemProxy */;
		};
/* End PBXTargetDependency section */

/* Begin PBXVariantGroup section */
		27E828F01AD5FB60003C34C2 /* Main.storyboard */ = {
			isa = PBXVariantGroup;
			children = (
				27E828F11AD5FB60003C34C2 /* Base */,
			);
			name = Main.storyboard;
			sourceTree = "<group>";
		};
		27E828F51AD5FB60003C34C2 /* LaunchScreen.xib */ = {
			isa = PBXVariantGroup;
			children = (
				27E828F61AD5FB60003C34C2 /* Base */,
			);
			name = LaunchScreen.xib;
			sourceTree = "<group>";
		};
/* End PBXVariantGroup section */

/* Begin XCBuildConfiguration section */
		27E829041AD5FB60003C34C2 /* Debug */ = {
			isa = XCBuildConfiguration;
			buildSettings = {
				ALWAYS_SEARCH_USER_PATHS = NO;
				CLANG_CXX_LANGUAGE_STANDARD = "gnu++0x";
				CLANG_CXX_LIBRARY = "libc++";
				CLANG_ENABLE_MODULES = YES;
				CLANG_ENABLE_OBJC_ARC = YES;
				CLANG_WARN_BOOL_CONVERSION = YES;
				CLANG_WARN_CONSTANT_CONVERSION = YES;
				CLANG_WARN_DIRECT_OBJC_ISA_USAGE = YES_ERROR;
				CLANG_WARN_EMPTY_BODY = YES;
				CLANG_WARN_ENUM_CONVERSION = YES;
				CLANG_WARN_INT_CONVERSION = YES;
				CLANG_WARN_OBJC_ROOT_CLASS = YES_ERROR;
				CLANG_WARN_UNREACHABLE_CODE = YES;
				CLANG_WARN__DUPLICATE_METHOD_MATCH = YES;
				"CODE_SIGN_IDENTITY[sdk=iphoneos*]" = "iPhone Developer";
				COPY_PHASE_STRIP = NO;
				DEBUG_INFORMATION_FORMAT = "dwarf-with-dsym";
				ENABLE_STRICT_OBJC_MSGSEND = YES;
				GCC_C_LANGUAGE_STANDARD = gnu99;
				GCC_DYNAMIC_NO_PIC = NO;
				GCC_NO_COMMON_BLOCKS = YES;
				GCC_OPTIMIZATION_LEVEL = 0;
				GCC_PREPROCESSOR_DEFINITIONS = (
					"DEBUG=1",
					"$(inherited)",
				);
				GCC_SYMBOLS_PRIVATE_EXTERN = NO;
				GCC_WARN_64_TO_32_BIT_CONVERSION = YES;
				GCC_WARN_ABOUT_RETURN_TYPE = YES_ERROR;
				GCC_WARN_UNDECLARED_SELECTOR = YES;
				GCC_WARN_UNINITIALIZED_AUTOS = YES_AGGRESSIVE;
				GCC_WARN_UNUSED_FUNCTION = YES;
				GCC_WARN_UNUSED_VARIABLE = YES;
				HEADER_SEARCH_PATHS = (
					"$(inherited)",
					/Applications/Xcode.app/Contents/Developer/Toolchains/XcodeDefault.xctoolchain/usr/include,
					/usr/include/libxml2,
				);
				IPHONEOS_DEPLOYMENT_TARGET = 7.0;
				MTL_ENABLE_DEBUG_INFO = YES;
				ONLY_ACTIVE_ARCH = YES;
				SDKROOT = iphoneos;
				SWIFT_OBJC_BRIDGING_HEADER = "TischSearch/Swift-HTML-Parser-Bridging-Header.h";
				SWIFT_OPTIMIZATION_LEVEL = "-Onone";
			};
			name = Debug;
		};
		27E829051AD5FB60003C34C2 /* Release */ = {
			isa = XCBuildConfiguration;
			buildSettings = {
				ALWAYS_SEARCH_USER_PATHS = NO;
				CLANG_CXX_LANGUAGE_STANDARD = "gnu++0x";
				CLANG_CXX_LIBRARY = "libc++";
				CLANG_ENABLE_MODULES = YES;
				CLANG_ENABLE_OBJC_ARC = YES;
				CLANG_WARN_BOOL_CONVERSION = YES;
				CLANG_WARN_CONSTANT_CONVERSION = YES;
				CLANG_WARN_DIRECT_OBJC_ISA_USAGE = YES_ERROR;
				CLANG_WARN_EMPTY_BODY = YES;
				CLANG_WARN_ENUM_CONVERSION = YES;
				CLANG_WARN_INT_CONVERSION = YES;
				CLANG_WARN_OBJC_ROOT_CLASS = YES_ERROR;
				CLANG_WARN_UNREACHABLE_CODE = YES;
				CLANG_WARN__DUPLICATE_METHOD_MATCH = YES;
				"CODE_SIGN_IDENTITY[sdk=iphoneos*]" = "iPhone Developer";
				COPY_PHASE_STRIP = NO;
				DEBUG_INFORMATION_FORMAT = "dwarf-with-dsym";
				ENABLE_NS_ASSERTIONS = NO;
				ENABLE_STRICT_OBJC_MSGSEND = YES;
				GCC_C_LANGUAGE_STANDARD = gnu99;
				GCC_NO_COMMON_BLOCKS = YES;
				GCC_WARN_64_TO_32_BIT_CONVERSION = YES;
				GCC_WARN_ABOUT_RETURN_TYPE = YES_ERROR;
				GCC_WARN_UNDECLARED_SELECTOR = YES;
				GCC_WARN_UNINITIALIZED_AUTOS = YES_AGGRESSIVE;
				GCC_WARN_UNUSED_FUNCTION = YES;
				GCC_WARN_UNUSED_VARIABLE = YES;
				HEADER_SEARCH_PATHS = (
					"$(inherited)",
					/Applications/Xcode.app/Contents/Developer/Toolchains/XcodeDefault.xctoolchain/usr/include,
					/usr/include/libxml2,
				);
				IPHONEOS_DEPLOYMENT_TARGET = 7.0;
				MTL_ENABLE_DEBUG_INFO = NO;
				SDKROOT = iphoneos;
				SWIFT_OBJC_BRIDGING_HEADER = "TischSearch/Swift-HTML-Parser-Bridging-Header.h";
				VALIDATE_PRODUCT = YES;
			};
			name = Release;
		};
		27E829071AD5FB60003C34C2 /* Debug */ = {
			isa = XCBuildConfiguration;
			buildSettings = {
				ASSETCATALOG_COMPILER_APPICON_NAME = AppIcon;
				ASSETCATALOG_COMPILER_LAUNCHIMAGE_NAME = LaunchImage;
				INFOPLIST_FILE = TischSearch/Info.plist;
				IPHONEOS_DEPLOYMENT_TARGET = 7.0;
				LD_RUNPATH_SEARCH_PATHS = "$(inherited) @executable_path/Frameworks";
				PRODUCT_NAME = "$(TARGET_NAME)";
			};
			name = Debug;
		};
		27E829081AD5FB60003C34C2 /* Release */ = {
			isa = XCBuildConfiguration;
			buildSettings = {
				ASSETCATALOG_COMPILER_APPICON_NAME = AppIcon;
				ASSETCATALOG_COMPILER_LAUNCHIMAGE_NAME = LaunchImage;
				INFOPLIST_FILE = TischSearch/Info.plist;
				IPHONEOS_DEPLOYMENT_TARGET = 7.0;
				LD_RUNPATH_SEARCH_PATHS = "$(inherited) @executable_path/Frameworks";
				PRODUCT_NAME = "$(TARGET_NAME)";
			};
			name = Release;
		};
		27E8290A1AD5FB60003C34C2 /* Debug */ = {
			isa = XCBuildConfiguration;
			buildSettings = {
				BUNDLE_LOADER = "$(TEST_HOST)";
				FRAMEWORK_SEARCH_PATHS = (
					"$(SDKROOT)/Developer/Library/Frameworks",
					"$(inherited)",
				);
				GCC_PREPROCESSOR_DEFINITIONS = (
					"DEBUG=1",
					"$(inherited)",
				);
				INFOPLIST_FILE = TischSearchTests/Info.plist;
				LD_RUNPATH_SEARCH_PATHS = "$(inherited) @executable_path/Frameworks @loader_path/Frameworks";
				PRODUCT_NAME = "$(TARGET_NAME)";
				TEST_HOST = "$(BUILT_PRODUCTS_DIR)/TischSearch.app/TischSearch";
			};
			name = Debug;
		};
		27E8290B1AD5FB60003C34C2 /* Release */ = {
			isa = XCBuildConfiguration;
			buildSettings = {
				BUNDLE_LOADER = "$(TEST_HOST)";
				FRAMEWORK_SEARCH_PATHS = (
					"$(SDKROOT)/Developer/Library/Frameworks",
					"$(inherited)",
				);
				INFOPLIST_FILE = TischSearchTests/Info.plist;
				LD_RUNPATH_SEARCH_PATHS = "$(inherited) @executable_path/Frameworks @loader_path/Frameworks";
				PRODUCT_NAME = "$(TARGET_NAME)";
				TEST_HOST = "$(BUILT_PRODUCTS_DIR)/TischSearch.app/TischSearch";
			};
			name = Release;
		};
/* End XCBuildConfiguration section */

/* Begin XCConfigurationList section */
		27E828E21AD5FB60003C34C2 /* Build configuration list for PBXProject "TischSearch" */ = {
			isa = XCConfigurationList;
			buildConfigurations = (
				27E829041AD5FB60003C34C2 /* Debug */,
				27E829051AD5FB60003C34C2 /* Release */,
			);
			defaultConfigurationIsVisible = 0;
			defaultConfigurationName = Release;
		};
		27E829061AD5FB60003C34C2 /* Build configuration list for PBXNativeTarget "TischSearch" */ = {
			isa = XCConfigurationList;
			buildConfigurations = (
				27E829071AD5FB60003C34C2 /* Debug */,
				27E829081AD5FB60003C34C2 /* Release */,
			);
			defaultConfigurationIsVisible = 0;
			defaultConfigurationName = Release;
		};
		27E829091AD5FB60003C34C2 /* Build configuration list for PBXNativeTarget "TischSearchTests" */ = {
			isa = XCConfigurationList;
			buildConfigurations = (
				27E8290A1AD5FB60003C34C2 /* Debug */,
				27E8290B1AD5FB60003C34C2 /* Release */,
			);
			defaultConfigurationIsVisible = 0;
			defaultConfigurationName = Release;
		};
/* End XCConfigurationList section */
	};
	rootObject = 27E828DF1AD5FB60003C34C2 /* Project object */;
}
